// !$*UTF8*$!
{
	archiveVersion = 1;
	classes = {
	};
	objectVersion = 55;
	objects = {

/* Begin PBXBuildFile section */
		9DFE594428EF6FA300FF9B51 /* TwoPointOApp.swift in Sources */ = {isa = PBXBuildFile; fileRef = 9DFE594328EF6FA300FF9B51 /* TwoPointOApp.swift */; };
		9DFE594628EF6FA300FF9B51 /* ContentView.swift in Sources */ = {isa = PBXBuildFile; fileRef = 9DFE594528EF6FA300FF9B51 /* ContentView.swift */; };
		9DFE594828EF6FA500FF9B51 /* Assets.xcassets in Resources */ = {isa = PBXBuildFile; fileRef = 9DFE594728EF6FA500FF9B51 /* Assets.xcassets */; };
		9DFE594B28EF6FA500FF9B51 /* Preview Assets.xcassets in Resources */ = {isa = PBXBuildFile; fileRef = 9DFE594A28EF6FA500FF9B51 /* Preview Assets.xcassets */; };
		9DFE595528EF6FA500FF9B51 /* TwoPointOTests.swift in Sources */ = {isa = PBXBuildFile; fileRef = 9DFE595428EF6FA500FF9B51 /* TwoPointOTests.swift */; };
		9DFE595F28EF6FA600FF9B51 /* TwoPointOUITests.swift in Sources */ = {isa = PBXBuildFile; fileRef = 9DFE595E28EF6FA600FF9B51 /* TwoPointOUITests.swift */; };
		9DFE596128EF6FA600FF9B51 /* TwoPointOUITestsLaunchTests.swift in Sources */ = {isa = PBXBuildFile; fileRef = 9DFE596028EF6FA600FF9B51 /* TwoPointOUITestsLaunchTests.swift */; };
/* End PBXBuildFile section */

/* Begin PBXContainerItemProxy section */
		9DFE595128EF6FA500FF9B51 /* PBXContainerItemProxy */ = {
			isa = PBXContainerItemProxy;
			containerPortal = 9DFE593828EF6FA300FF9B51 /* Project object */;
			proxyType = 1;
			remoteGlobalIDString = 9DFE593F28EF6FA300FF9B51;
			remoteInfo = TwoPointO;
		};
		9DFE595B28EF6FA600FF9B51 /* PBXContainerItemProxy */ = {
			isa = PBXContainerItemProxy;
			containerPortal = 9DFE593828EF6FA300FF9B51 /* Project object */;
			proxyType = 1;
			remoteGlobalIDString = 9DFE593F28EF6FA300FF9B51;
			remoteInfo = TwoPointO;
		};
/* End PBXContainerItemProxy section */

/* Begin PBXFileReference section */
		9DFE594028EF6FA300FF9B51 /* TwoPointO.app */ = {isa = PBXFileReference; explicitFileType = wrapper.application; includeInIndex = 0; path = TwoPointO.app; sourceTree = BUILT_PRODUCTS_DIR; };
		9DFE594328EF6FA300FF9B51 /* TwoPointOApp.swift */ = {isa = PBXFileReference; lastKnownFileType = sourcecode.swift; path = TwoPointOApp.swift; sourceTree = "<group>"; };
		9DFE594528EF6FA300FF9B51 /* ContentView.swift */ = {isa = PBXFileReference; lastKnownFileType = sourcecode.swift; path = ContentView.swift; sourceTree = "<group>"; };
		9DFE594728EF6FA500FF9B51 /* Assets.xcassets */ = {isa = PBXFileReference; lastKnownFileType = folder.assetcatalog; path = Assets.xcassets; sourceTree = "<group>"; };
		9DFE594A28EF6FA500FF9B51 /* Preview Assets.xcassets */ = {isa = PBXFileReference; lastKnownFileType = folder.assetcatalog; path = "Preview Assets.xcassets"; sourceTree = "<group>"; };
		9DFE595028EF6FA500FF9B51 /* TwoPointOTests.xctest */ = {isa = PBXFileReference; explicitFileType = wrapper.cfbundle; includeInIndex = 0; path = TwoPointOTests.xctest; sourceTree = BUILT_PRODUCTS_DIR; };
		9DFE595428EF6FA500FF9B51 /* TwoPointOTests.swift */ = {isa = PBXFileReference; lastKnownFileType = sourcecode.swift; path = TwoPointOTests.swift; sourceTree = "<group>"; };
		9DFE595A28EF6FA600FF9B51 /* TwoPointOUITests.xctest */ = {isa = PBXFileReference; explicitFileType = wrapper.cfbundle; includeInIndex = 0; path = TwoPointOUITests.xctest; sourceTree = BUILT_PRODUCTS_DIR; };
		9DFE595E28EF6FA600FF9B51 /* TwoPointOUITests.swift */ = {isa = PBXFileReference; lastKnownFileType = sourcecode.swift; path = TwoPointOUITests.swift; sourceTree = "<group>"; };
		9DFE596028EF6FA600FF9B51 /* TwoPointOUITestsLaunchTests.swift */ = {isa = PBXFileReference; lastKnownFileType = sourcecode.swift; path = TwoPointOUITestsLaunchTests.swift; sourceTree = "<group>"; };
/* End PBXFileReference section */

/* Begin PBXFrameworksBuildPhase section */
		9DFE593D28EF6FA300FF9B51 /* Frameworks */ = {
			isa = PBXFrameworksBuildPhase;
			buildActionMask = 2147483647;
			files = (
			);
			runOnlyForDeploymentPostprocessing = 0;
		};
		9DFE594D28EF6FA500FF9B51 /* Frameworks */ = {
			isa = PBXFrameworksBuildPhase;
			buildActionMask = 2147483647;
			files = (
			);
			runOnlyForDeploymentPostprocessing = 0;
		};
		9DFE595728EF6FA600FF9B51 /* Frameworks */ = {
			isa = PBXFrameworksBuildPhase;
			buildActionMask = 2147483647;
			files = (
			);
			runOnlyForDeploymentPostprocessing = 0;
		};
/* End PBXFrameworksBuildPhase section */

/* Begin PBXGroup section */
		9DFE593728EF6FA300FF9B51 = {
			isa = PBXGroup;
			children = (
				9DFE594228EF6FA300FF9B51 /* TwoPointO */,
				9DFE595328EF6FA500FF9B51 /* TwoPointOTests */,
				9DFE595D28EF6FA600FF9B51 /* TwoPointOUITests */,
				9DFE594128EF6FA300FF9B51 /* Products */,
			);
			sourceTree = "<group>";
		};
		9DFE594128EF6FA300FF9B51 /* Products */ = {
			isa = PBXGroup;
			children = (
				9DFE594028EF6FA300FF9B51 /* TwoPointO.app */,
				9DFE595028EF6FA500FF9B51 /* TwoPointOTests.xctest */,
				9DFE595A28EF6FA600FF9B51 /* TwoPointOUITests.xctest */,
			);
			name = Products;
			sourceTree = "<group>";
		};
		9DFE594228EF6FA300FF9B51 /* TwoPointO */ = {
			isa = PBXGroup;
			children = (
				9DFE594328EF6FA300FF9B51 /* TwoPointOApp.swift */,
				9DFE594528EF6FA300FF9B51 /* ContentView.swift */,
				9DFE594728EF6FA500FF9B51 /* Assets.xcassets */,
				9DFE594928EF6FA500FF9B51 /* Preview Content */,
			);
			path = TwoPointO;
			sourceTree = "<group>";
		};
		9DFE594928EF6FA500FF9B51 /* Preview Content */ = {
			isa = PBXGroup;
			children = (
				9DFE594A28EF6FA500FF9B51 /* Preview Assets.xcassets */,
			);
			path = "Preview Content";
			sourceTree = "<group>";
		};
		9DFE595328EF6FA500FF9B51 /* TwoPointOTests */ = {
			isa = PBXGroup;
			children = (
				9DFE595428EF6FA500FF9B51 /* TwoPointOTests.swift */,
			);
			path = TwoPointOTests;
			sourceTree = "<group>";
		};
		9DFE595D28EF6FA600FF9B51 /* TwoPointOUITests */ = {
			isa = PBXGroup;
			children = (
				9DFE595E28EF6FA600FF9B51 /* TwoPointOUITests.swift */,
				9DFE596028EF6FA600FF9B51 /* TwoPointOUITestsLaunchTests.swift */,
			);
			path = TwoPointOUITests;
			sourceTree = "<group>";
		};
/* End PBXGroup section */

/* Begin PBXNativeTarget section */
		9DFE593F28EF6FA300FF9B51 /* TwoPointO */ = {
			isa = PBXNativeTarget;
			buildConfigurationList = 9DFE596428EF6FA600FF9B51 /* Build configuration list for PBXNativeTarget "TwoPointO" */;
			buildPhases = (
				9DFE593C28EF6FA300FF9B51 /* Sources */,
				9DFE593D28EF6FA300FF9B51 /* Frameworks */,
				9DFE593E28EF6FA300FF9B51 /* Resources */,
			);
			buildRules = (
			);
			dependencies = (
			);
			name = TwoPointO;
			productName = TwoPointO;
			productReference = 9DFE594028EF6FA300FF9B51 /* TwoPointO.app */;
			productType = "com.apple.product-type.application";
		};
		9DFE594F28EF6FA500FF9B51 /* TwoPointOTests */ = {
			isa = PBXNativeTarget;
			buildConfigurationList = 9DFE596728EF6FA600FF9B51 /* Build configuration list for PBXNativeTarget "TwoPointOTests" */;
			buildPhases = (
				9DFE594C28EF6FA500FF9B51 /* Sources */,
				9DFE594D28EF6FA500FF9B51 /* Frameworks */,
				9DFE594E28EF6FA500FF9B51 /* Resources */,
			);
			buildRules = (
			);
			dependencies = (
				9DFE595228EF6FA500FF9B51 /* PBXTargetDependency */,
			);
			name = TwoPointOTests;
			productName = TwoPointOTests;
			productReference = 9DFE595028EF6FA500FF9B51 /* TwoPointOTests.xctest */;
			productType = "com.apple.product-type.bundle.unit-test";
		};
		9DFE595928EF6FA600FF9B51 /* TwoPointOUITests */ = {
			isa = PBXNativeTarget;
			buildConfigurationList = 9DFE596A28EF6FA600FF9B51 /* Build configuration list for PBXNativeTarget "TwoPointOUITests" */;
			buildPhases = (
				9DFE595628EF6FA600FF9B51 /* Sources */,
				9DFE595728EF6FA600FF9B51 /* Frameworks */,
				9DFE595828EF6FA600FF9B51 /* Resources */,
			);
			buildRules = (
			);
			dependencies = (
				9DFE595C28EF6FA600FF9B51 /* PBXTargetDependency */,
			);
			name = TwoPointOUITests;
			productName = TwoPointOUITests;
			productReference = 9DFE595A28EF6FA600FF9B51 /* TwoPointOUITests.xctest */;
			productType = "com.apple.product-type.bundle.ui-testing";
		};
/* End PBXNativeTarget section */

/* Begin PBXProject section */
		9DFE593828EF6FA300FF9B51 /* Project object */ = {
			isa = PBXProject;
			attributes = {
				BuildIndependentTargetsInParallel = 1;
				LastSwiftUpdateCheck = 1300;
				LastUpgradeCheck = 1300;
				TargetAttributes = {
					9DFE593F28EF6FA300FF9B51 = {
						CreatedOnToolsVersion = 13.0;
					};
					9DFE594F28EF6FA500FF9B51 = {
						CreatedOnToolsVersion = 13.0;
						TestTargetID = 9DFE593F28EF6FA300FF9B51;
					};
					9DFE595928EF6FA600FF9B51 = {
						CreatedOnToolsVersion = 13.0;
						TestTargetID = 9DFE593F28EF6FA300FF9B51;
					};
				};
			};
			buildConfigurationList = 9DFE593B28EF6FA300FF9B51 /* Build configuration list for PBXProject "TwoPointO" */;
			compatibilityVersion = "Xcode 13.0";
			developmentRegion = en;
			hasScannedForEncodings = 0;
			knownRegions = (
				en,
				Base,
			);
			mainGroup = 9DFE593728EF6FA300FF9B51;
			productRefGroup = 9DFE594128EF6FA300FF9B51 /* Products */;
			projectDirPath = "";
			projectRoot = "";
			targets = (
				9DFE593F28EF6FA300FF9B51 /* TwoPointO */,
				9DFE594F28EF6FA500FF9B51 /* TwoPointOTests */,
				9DFE595928EF6FA600FF9B51 /* TwoPointOUITests */,
			);
		};
/* End PBXProject section */

/* Begin PBXResourcesBuildPhase section */
		9DFE593E28EF6FA300FF9B51 /* Resources */ = {
			isa = PBXResourcesBuildPhase;
			buildActionMask = 2147483647;
			files = (
				9DFE594B28EF6FA500FF9B51 /* Preview Assets.xcassets in Resources */,
				9DFE594828EF6FA500FF9B51 /* Assets.xcassets in Resources */,
			);
			runOnlyForDeploymentPostprocessing = 0;
		};
		9DFE594E28EF6FA500FF9B51 /* Resources */ = {
			isa = PBXResourcesBuildPhase;
			buildActionMask = 2147483647;
			files = (
			);
			runOnlyForDeploymentPostprocessing = 0;
		};
		9DFE595828EF6FA600FF9B51 /* Resources */ = {
			isa = PBXResourcesBuildPhase;
			buildActionMask = 2147483647;
			files = (
			);
			runOnlyForDeploymentPostprocessing = 0;
		};
/* End PBXResourcesBuildPhase section */

/* Begin PBXSourcesBuildPhase section */
		9DFE593C28EF6FA300FF9B51 /* Sources */ = {
			isa = PBXSourcesBuildPhase;
			buildActionMask = 2147483647;
			files = (
				9DFE594628EF6FA300FF9B51 /* ContentView.swift in Sources */,
				9DFE594428EF6FA300FF9B51 /* TwoPointOApp.swift in Sources */,
			);
			runOnlyForDeploymentPostprocessing = 0;
		};
		9DFE594C28EF6FA500FF9B51 /* Sources */ = {
			isa = PBXSourcesBuildPhase;
			buildActionMask = 2147483647;
			files = (
				9DFE595528EF6FA500FF9B51 /* TwoPointOTests.swift in Sources */,
			);
			runOnlyForDeploymentPostprocessing = 0;
		};
		9DFE595628EF6FA600FF9B51 /* Sources */ = {
			isa = PBXSourcesBuildPhase;
			buildActionMask = 2147483647;
			files = (
				9DFE596128EF6FA600FF9B51 /* TwoPointOUITestsLaunchTests.swift in Sources */,
				9DFE595F28EF6FA600FF9B51 /* TwoPointOUITests.swift in Sources */,
			);
			runOnlyForDeploymentPostprocessing = 0;
		};
/* End PBXSourcesBuildPhase section */

/* Begin PBXTargetDependency section */
		9DFE595228EF6FA500FF9B51 /* PBXTargetDependency */ = {
			isa = PBXTargetDependency;
			target = 9DFE593F28EF6FA300FF9B51 /* TwoPointO */;
			targetProxy = 9DFE595128EF6FA500FF9B51 /* PBXContainerItemProxy */;
		};
		9DFE595C28EF6FA600FF9B51 /* PBXTargetDependency */ = {
			isa = PBXTargetDependency;
			target = 9DFE593F28EF6FA300FF9B51 /* TwoPointO */;
			targetProxy = 9DFE595B28EF6FA600FF9B51 /* PBXContainerItemProxy */;
		};
/* End PBXTargetDependency section */

/* Begin XCBuildConfiguration section */
		9DFE596228EF6FA600FF9B51 /* Debug */ = {
			isa = XCBuildConfiguration;
			buildSettings = {
				ALWAYS_SEARCH_USER_PATHS = NO;
				CLANG_ANALYZER_NONNULL = YES;
				CLANG_ANALYZER_NUMBER_OBJECT_CONVERSION = YES_AGGRESSIVE;
				CLANG_CXX_LANGUAGE_STANDARD = "gnu++17";
				CLANG_CXX_LIBRARY = "libc++";
				CLANG_ENABLE_MODULES = YES;
				CLANG_ENABLE_OBJC_ARC = YES;
				CLANG_ENABLE_OBJC_WEAK = YES;
				CLANG_WARN_BLOCK_CAPTURE_AUTORELEASING = YES;
				CLANG_WARN_BOOL_CONVERSION = YES;
				CLANG_WARN_COMMA = YES;
				CLANG_WARN_CONSTANT_CONVERSION = YES;
				CLANG_WARN_DEPRECATED_OBJC_IMPLEMENTATIONS = YES;
				CLANG_WARN_DIRECT_OBJC_ISA_USAGE = YES_ERROR;
				CLANG_WARN_DOCUMENTATION_COMMENTS = YES;
				CLANG_WARN_EMPTY_BODY = YES;
				CLANG_WARN_ENUM_CONVERSION = YES;
				CLANG_WARN_INFINITE_RECURSION = YES;
				CLANG_WARN_INT_CONVERSION = YES;
				CLANG_WARN_NON_LITERAL_NULL_CONVERSION = YES;
				CLANG_WARN_OBJC_IMPLICIT_RETAIN_SELF = YES;
				CLANG_WARN_OBJC_LITERAL_CONVERSION = YES;
				CLANG_WARN_OBJC_ROOT_CLASS = YES_ERROR;
				CLANG_WARN_QUOTED_INCLUDE_IN_FRAMEWORK_HEADER = YES;
				CLANG_WARN_RANGE_LOOP_ANALYSIS = YES;
				CLANG_WARN_STRICT_PROTOTYPES = YES;
				CLANG_WARN_SUSPICIOUS_MOVE = YES;
				CLANG_WARN_UNGUARDED_AVAILABILITY = YES_AGGRESSIVE;
				CLANG_WARN_UNREACHABLE_CODE = YES;
				CLANG_WARN__DUPLICATE_METHOD_MATCH = YES;
				COPY_PHASE_STRIP = NO;
				DEBUG_INFORMATION_FORMAT = dwarf;
				ENABLE_STRICT_OBJC_MSGSEND = YES;
				ENABLE_TESTABILITY = YES;
				GCC_C_LANGUAGE_STANDARD = gnu11;
				GCC_DYNAMIC_NO_PIC = NO;
				GCC_NO_COMMON_BLOCKS = YES;
				GCC_OPTIMIZATION_LEVEL = 0;
				GCC_PREPROCESSOR_DEFINITIONS = (
					"DEBUG=1",
					"$(inherited)",
				);
				GCC_WARN_64_TO_32_BIT_CONVERSION = YES;
				GCC_WARN_ABOUT_RETURN_TYPE = YES_ERROR;
				GCC_WARN_UNDECLARED_SELECTOR = YES;
				GCC_WARN_UNINITIALIZED_AUTOS = YES_AGGRESSIVE;
				GCC_WARN_UNUSED_FUNCTION = YES;
				GCC_WARN_UNUSED_VARIABLE = YES;
				IPHONEOS_DEPLOYMENT_TARGET = 15.0;
				MTL_ENABLE_DEBUG_INFO = INCLUDE_SOURCE;
				MTL_FAST_MATH = YES;
				ONLY_ACTIVE_ARCH = YES;
				SDKROOT = iphoneos;
				SWIFT_ACTIVE_COMPILATION_CONDITIONS = DEBUG;
				SWIFT_OPTIMIZATION_LEVEL = "-Onone";
			};
			name = Debug;
		};
		9DFE596328EF6FA600FF9B51 /* Release */ = {
			isa = XCBuildConfiguration;
			buildSettings = {
				ALWAYS_SEARCH_USER_PATHS = NO;
				CLANG_ANALYZER_NONNULL = YES;
				CLANG_ANALYZER_NUMBER_OBJECT_CONVERSION = YES_AGGRESSIVE;
				CLANG_CXX_LANGUAGE_STANDARD = "gnu++17";
				CLANG_CXX_LIBRARY = "libc++";
				CLANG_ENABLE_MODULES = YES;
				CLANG_ENABLE_OBJC_ARC = YES;
				CLANG_ENABLE_OBJC_WEAK = YES;
				CLANG_WARN_BLOCK_CAPTURE_AUTORELEASING = YES;
				CLANG_WARN_BOOL_CONVERSION = YES;
				CLANG_WARN_COMMA = YES;
				CLANG_WARN_CONSTANT_CONVERSION = YES;
				CLANG_WARN_DEPRECATED_OBJC_IMPLEMENTATIONS = YES;
				CLANG_WARN_DIRECT_OBJC_ISA_USAGE = YES_ERROR;
				CLANG_WARN_DOCUMENTATION_COMMENTS = YES;
				CLANG_WARN_EMPTY_BODY = YES;
				CLANG_WARN_ENUM_CONVERSION = YES;
				CLANG_WARN_INFINITE_RECURSION = YES;
				CLANG_WARN_INT_CONVERSION = YES;
				CLANG_WARN_NON_LITERAL_NULL_CONVERSION = YES;
				CLANG_WARN_OBJC_IMPLICIT_RETAIN_SELF = YES;
				CLANG_WARN_OBJC_LITERAL_CONVERSION = YES;
				CLANG_WARN_OBJC_ROOT_CLASS = YES_ERROR;
				CLANG_WARN_QUOTED_INCLUDE_IN_FRAMEWORK_HEADER = YES;
				CLANG_WARN_RANGE_LOOP_ANALYSIS = YES;
				CLANG_WARN_STRICT_PROTOTYPES = YES;
				CLANG_WARN_SUSPICIOUS_MOVE = YES;
				CLANG_WARN_UNGUARDED_AVAILABILITY = YES_AGGRESSIVE;
				CLANG_WARN_UNREACHABLE_CODE = YES;
				CLANG_WARN__DUPLICATE_METHOD_MATCH = YES;
				COPY_PHASE_STRIP = NO;
				DEBUG_INFORMATION_FORMAT = "dwarf-with-dsym";
				ENABLE_NS_ASSERTIONS = NO;
				ENABLE_STRICT_OBJC_MSGSEND = YES;
				GCC_C_LANGUAGE_STANDARD = gnu11;
				GCC_NO_COMMON_BLOCKS = YES;
				GCC_WARN_64_TO_32_BIT_CONVERSION = YES;
				GCC_WARN_ABOUT_RETURN_TYPE = YES_ERROR;
				GCC_WARN_UNDECLARED_SELECTOR = YES;
				GCC_WARN_UNINITIALIZED_AUTOS = YES_AGGRESSIVE;
				GCC_WARN_UNUSED_FUNCTION = YES;
				GCC_WARN_UNUSED_VARIABLE = YES;
				IPHONEOS_DEPLOYMENT_TARGET = 15.0;
				MTL_ENABLE_DEBUG_INFO = NO;
				MTL_FAST_MATH = YES;
				SDKROOT = iphoneos;
				SWIFT_COMPILATION_MODE = wholemodule;
				SWIFT_OPTIMIZATION_LEVEL = "-O";
				VALIDATE_PRODUCT = YES;
			};
			name = Release;
		};
		9DFE596528EF6FA600FF9B51 /* Debug */ = {
			isa = XCBuildConfiguration;
			buildSettings = {
				ASSETCATALOG_COMPILER_APPICON_NAME = AppIcon;
				ASSETCATALOG_COMPILER_GLOBAL_ACCENT_COLOR_NAME = AccentColor;
				CODE_SIGN_STYLE = Automatic;
				CURRENT_PROJECT_VERSION = 1;
				DEVELOPMENT_ASSET_PATHS = "\"TwoPointO/Preview Content\"";
				ENABLE_PREVIEWS = YES;
				GENERATE_INFOPLIST_FILE = YES;
				INFOPLIST_KEY_UIApplicationSceneManifest_Generation = YES;
				INFOPLIST_KEY_UIApplicationSupportsIndirectInputEvents = YES;
				INFOPLIST_KEY_UILaunchScreen_Generation = YES;
				INFOPLIST_KEY_UISupportedInterfaceOrientations_iPad = "UIInterfaceOrientationPortrait UIInterfaceOrientationPortraitUpsideDown UIInterfaceOrientationLandscapeLeft UIInterfaceOrientationLandscapeRight";
				INFOPLIST_KEY_UISupportedInterfaceOrientations_iPhone = "UIInterfaceOrientationPortrait UIInterfaceOrientationLandscapeLeft UIInterfaceOrientationLandscapeRight";
				IPHONEOS_DEPLOYMENT_TARGET = 14.0;
				LD_RUNPATH_SEARCH_PATHS = (
					"$(inherited)",
					"@executable_path/Frameworks",
				);
				MARKETING_VERSION = 1.0;
				PRODUCT_BUNDLE_IDENTIFIER = com.alexApostol.TwoPointO;
				PRODUCT_NAME = "$(TARGET_NAME)";
				SWIFT_EMIT_LOC_STRINGS = YES;
				SWIFT_VERSION = 5.0;
				TARGETED_DEVICE_FAMILY = "1,2";
			};
			name = Debug;
		};
		9DFE596628EF6FA600FF9B51 /* Release */ = {
			isa = XCBuildConfiguration;
			buildSettings = {
				ASSETCATALOG_COMPILER_APPICON_NAME = AppIcon;
				ASSETCATALOG_COMPILER_GLOBAL_ACCENT_COLOR_NAME = AccentColor;
				CODE_SIGN_STYLE = Automatic;
				CURRENT_PROJECT_VERSION = 1;
				DEVELOPMENT_ASSET_PATHS = "\"TwoPointO/Preview Content\"";
				ENABLE_PREVIEWS = YES;
				GENERATE_INFOPLIST_FILE = YES;
				INFOPLIST_KEY_UIApplicationSceneManifest_Generation = YES;
				INFOPLIST_KEY_UIApplicationSupportsIndirectInputEvents = YES;
				INFOPLIST_KEY_UILaunchScreen_Generation = YES;
				INFOPLIST_KEY_UISupportedInterfaceOrientations_iPad = "UIInterfaceOrientationPortrait UIInterfaceOrientationPortraitUpsideDown UIInterfaceOrientationLandscapeLeft UIInterfaceOrientationLandscapeRight";
				INFOPLIST_KEY_UISupportedInterfaceOrientations_iPhone = "UIInterfaceOrientationPortrait UIInterfaceOrientationLandscapeLeft UIInterfaceOrientationLandscapeRight";
				IPHONEOS_DEPLOYMENT_TARGET = 14.0;
				LD_RUNPATH_SEARCH_PATHS = (
					"$(inherited)",
					"@executable_path/Frameworks",
				);
				MARKETING_VERSION = 1.0;
				PRODUCT_BUNDLE_IDENTIFIER = com.alexApostol.TwoPointO;
				PRODUCT_NAME = "$(TARGET_NAME)";
				SWIFT_EMIT_LOC_STRINGS = YES;
				SWIFT_VERSION = 5.0;
				TARGETED_DEVICE_FAMILY = "1,2";
			};
			name = Release;
		};
		9DFE596828EF6FA600FF9B51 /* Debug */ = {
			isa = XCBuildConfiguration;
			buildSettings = {
				ALWAYS_EMBED_SWIFT_STANDARD_LIBRARIES = YES;
				BUNDLE_LOADER = "$(TEST_HOST)";
				CODE_SIGN_STYLE = Automatic;
				CURRENT_PROJECT_VERSION = 1;
				GENERATE_INFOPLIST_FILE = YES;
				IPHONEOS_DEPLOYMENT_TARGET = 14.0;
				LD_RUNPATH_SEARCH_PATHS = (
					"$(inherited)",
					"@executable_path/Frameworks",
					"@loader_path/Frameworks",
				);
				MARKETING_VERSION = 1.0;
				PRODUCT_BUNDLE_IDENTIFIER = com.alexApostol.TwoPointOTests;
				PRODUCT_NAME = "$(TARGET_NAME)";
				SWIFT_EMIT_LOC_STRINGS = NO;
				SWIFT_VERSION = 5.0;
				TARGETED_DEVICE_FAMILY = "1,2";
				TEST_HOST = "$(BUILT_PRODUCTS_DIR)/TwoPointO.app/TwoPointO";
			};
			name = Debug;
		};
		9DFE596928EF6FA600FF9B51 /* Release */ = {
			isa = XCBuildConfiguration;
			buildSettings = {
				ALWAYS_EMBED_SWIFT_STANDARD_LIBRARIES = YES;
				BUNDLE_LOADER = "$(TEST_HOST)";
				CODE_SIGN_STYLE = Automatic;
				CURRENT_PROJECT_VERSION = 1;
				GENERATE_INFOPLIST_FILE = YES;
				IPHONEOS_DEPLOYMENT_TARGET = 14.0;
				LD_RUNPATH_SEARCH_PATHS = (
					"$(inherited)",
					"@executable_path/Frameworks",
					"@loader_path/Frameworks",
				);
				MARKETING_VERSION = 1.0;
				PRODUCT_BUNDLE_IDENTIFIER = com.alexApostol.TwoPointOTests;
				PRODUCT_NAME = "$(TARGET_NAME)";
				SWIFT_EMIT_LOC_STRINGS = NO;
				SWIFT_VERSION = 5.0;
				TARGETED_DEVICE_FAMILY = "1,2";
				TEST_HOST = "$(BUILT_PRODUCTS_DIR)/TwoPointO.app/TwoPointO";
			};
			name = Release;
		};
		9DFE596B28EF6FA600FF9B51 /* Debug */ = {
			isa = XCBuildConfiguration;
			buildSettings = {
				ALWAYS_EMBED_SWIFT_STANDARD_LIBRARIES = YES;
				CODE_SIGN_STYLE = Automatic;
				CURRENT_PROJECT_VERSION = 1;
				GENERATE_INFOPLIST_FILE = YES;
				LD_RUNPATH_SEARCH_PATHS = (
					"$(inherited)",
					"@executable_path/Frameworks",
					"@loader_path/Frameworks",
				);
				MARKETING_VERSION = 1.0;
				PRODUCT_BUNDLE_IDENTIFIER = com.alexApostol.TwoPointOUITests;
				PRODUCT_NAME = "$(TARGET_NAME)";
				SWIFT_EMIT_LOC_STRINGS = NO;
				SWIFT_VERSION = 5.0;
				TARGETED_DEVICE_FAMILY = "1,2";
				TEST_TARGET_NAME = TwoPointO;
			};
			name = Debug;
		};
		9DFE596C28EF6FA600FF9B51 /* Release */ = {
			isa = XCBuildConfiguration;
			buildSettings = {
				ALWAYS_EMBED_SWIFT_STANDARD_LIBRARIES = YES;
				CODE_SIGN_STYLE = Automatic;
				CURRENT_PROJECT_VERSION = 1;
				GENERATE_INFOPLIST_FILE = YES;
				LD_RUNPATH_SEARCH_PATHS = (
					"$(inherited)",
					"@executable_path/Frameworks",
					"@loader_path/Frameworks",
				);
				MARKETING_VERSION = 1.0;
				PRODUCT_BUNDLE_IDENTIFIER = com.alexApostol.TwoPointOUITests;
				PRODUCT_NAME = "$(TARGET_NAME)";
				SWIFT_EMIT_LOC_STRINGS = NO;
				SWIFT_VERSION = 5.0;
				TARGETED_DEVICE_FAMILY = "1,2";
				TEST_TARGET_NAME = TwoPointO;
			};
			name = Release;
		};
/* End XCBuildConfiguration section */

/* Begin XCConfigurationList section */
		9DFE593B28EF6FA300FF9B51 /* Build configuration list for PBXProject "TwoPointO" */ = {
			isa = XCConfigurationList;
			buildConfigurations = (
				9DFE596228EF6FA600FF9B51 /* Debug */,
				9DFE596328EF6FA600FF9B51 /* Release */,
			);
			defaultConfigurationIsVisible = 0;
			defaultConfigurationName = Release;
		};
		9DFE596428EF6FA600FF9B51 /* Build configuration list for PBXNativeTarget "TwoPointO" */ = {
			isa = XCConfigurationList;
			buildConfigurations = (
				9DFE596528EF6FA600FF9B51 /* Debug */,
				9DFE596628EF6FA600FF9B51 /* Release */,
			);
			defaultConfigurationIsVisible = 0;
			defaultConfigurationName = Release;
		};
		9DFE596728EF6FA600FF9B51 /* Build configuration list for PBXNativeTarget "TwoPointOTests" */ = {
			isa = XCConfigurationList;
			buildConfigurations = (
				9DFE596828EF6FA600FF9B51 /* Debug */,
				9DFE596928EF6FA600FF9B51 /* Release */,
			);
			defaultConfigurationIsVisible = 0;
			defaultConfigurationName = Release;
		};
		9DFE596A28EF6FA600FF9B51 /* Build configuration list for PBXNativeTarget "TwoPointOUITests" */ = {
			isa = XCConfigurationList;
			buildConfigurations = (
				9DFE596B28EF6FA600FF9B51 /* Debug */,
				9DFE596C28EF6FA600FF9B51 /* Release */,
			);
			defaultConfigurationIsVisible = 0;
			defaultConfigurationName = Release;
		};
/* End XCConfigurationList section */
	};
	rootObject = 9DFE593828EF6FA300FF9B51 /* Project object */;
}
